
Microsoft Visual Studio Solution File, Format Version 12.00
# Visual Studio Version 17
VisualStudioVersion = 17.5.2.0
MinimumVisualStudioVersion = 10.0.40219.1
Project("{2150E333-8FDC-42A3-9474-1A3956D46DE8}") = "building-blocks", "building-blocks", "{31CBEB51-93DC-9CA1-DA8D-67643319BEE1}"
EndProject
Project("{2150E333-8FDC-42A3-9474-1A3956D46DE8}") = "contracts", "contracts", "{F1D36C55-650B-7C5B-D7BF-C2C03C80872A}"
EndProject
Project("{FAE04EC0-301F-11D3-BF4B-00C04F79EFBC}") = "BuildingBlocks.Contracts", "building-blocks\contracts\BuildingBlocks.Contracts\BuildingBlocks.Contracts.csproj", "{3FFEA3EF-C15D-C7EE-1C21-41CEBC43D2C5}"
EndProject
Project("{2150E333-8FDC-42A3-9474-1A3956D46DE8}") = "services", "services", "{5854FF58-B8C5-05C6-5BF2-ACE42193F22B}"
EndProject
Project("{2150E333-8FDC-42A3-9474-1A3956D46DE8}") = "payment-service", "payment-service", "{4E227855-4648-962A-E790-FD207C358556}"
EndProject
Project("{FAE04EC0-301F-11D3-BF4B-00C04F79EFBC}") = "PaymentService.Infrastructure", "services\payment-service\PaymentService.Infrastructure\PaymentService.Infrastructure.csproj", "{0979AEAC-D638-4270-A20F-4587C1073A63}"
EndProject
Project("{FAE04EC0-301F-11D3-BF4B-00C04F79EFBC}") = "PaymentService.Application", "services\payment-service\PaymentService.Application\PaymentService.Application.csproj", "{403C51D4-5FB2-45B2-AF3E-B9DEE6567628}"
EndProject
Project("{2150E333-8FDC-42A3-9474-1A3956D46DE8}") = "platform", "platform", "{E54149B9-7F22-367F-9CC5-FD829E3AA07B}"
EndProject
Project("{2150E333-8FDC-42A3-9474-1A3956D46DE8}") = "deployment", "deployment", "{60EC93F1-ACA9-D441-1E23-CE023AC777AA}"
EndProject
Project("{FAE04EC0-301F-11D3-BF4B-00C04F79EFBC}") = "Deployment.Platform.Console", "platform\deployment\Deployment.Platform.Console\Deployment.Platform.Console.csproj", "{0AF386D2-B10B-4454-8014-EA256B60C1E7}"
EndProject
Project("{FAE04EC0-301F-11D3-BF4B-00C04F79EFBC}") = "Deployment.Platform.Application", "platform\deployment\Deployment.Platform.Application\Deployment.Platform.Application.csproj", "{A0A5DE5B-8BA3-42EE-899B-AC785EE95B54}"
EndProject
Project("{FAE04EC0-301F-11D3-BF4B-00C04F79EFBC}") = "Deployment.Platform.Domain", "platform\deployment\Deployment.Platform.Domain\Deployment.Platform.Domain.csproj", "{FB2A13C2-1193-4341-8129-E117AA8E6480}"
EndProject
Project("{FAE04EC0-301F-11D3-BF4B-00C04F79EFBC}") = "Deployment.Platform.Infrastructure", "platform\deployment\Deployment.Platform.Infrastructure\Deployment.Platform.Infrastructure.csproj", "{B819DC61-6000-48FF-BB6E-CCACEE6C05F4}"
EndProject
Global
	GlobalSection(SolutionConfigurationPlatforms) = preSolution
		Debug|Any CPU = Debug|Any CPU
		Debug|x64 = Debug|x64
		Debug|x86 = Debug|x86
		Release|Any CPU = Release|Any CPU
		Release|x64 = Release|x64
		Release|x86 = Release|x86
	EndGlobalSection
	GlobalSection(ProjectConfigurationPlatforms) = postSolution
		{3FFEA3EF-C15D-C7EE-1C21-41CEBC43D2C5}.Debug|Any CPU.ActiveCfg = Debug|Any CPU
		{3FFEA3EF-C15D-C7EE-1C21-41CEBC43D2C5}.Debug|Any CPU.Build.0 = Debug|Any CPU
		{3FFEA3EF-C15D-C7EE-1C21-41CEBC43D2C5}.Debug|x64.ActiveCfg = Debug|Any CPU
		{3FFEA3EF-C15D-C7EE-1C21-41CEBC43D2C5}.Debug|x64.Build.0 = Debug|Any CPU
		{3FFEA3EF-C15D-C7EE-1C21-41CEBC43D2C5}.Debug|x86.ActiveCfg = Debug|Any CPU
		{3FFEA3EF-C15D-C7EE-1C21-41CEBC43D2C5}.Debug|x86.Build.0 = Debug|Any CPU
		{3FFEA3EF-C15D-C7EE-1C21-41CEBC43D2C5}.Release|Any CPU.ActiveCfg = Release|Any CPU
		{3FFEA3EF-C15D-C7EE-1C21-41CEBC43D2C5}.Release|Any CPU.Build.0 = Release|Any CPU
		{3FFEA3EF-C15D-C7EE-1C21-41CEBC43D2C5}.Release|x64.ActiveCfg = Release|Any CPU
		{3FFEA3EF-C15D-C7EE-1C21-41CEBC43D2C5}.Release|x64.Build.0 = Release|Any CPU
		{3FFEA3EF-C15D-C7EE-1C21-41CEBC43D2C5}.Release|x86.ActiveCfg = Release|Any CPU
		{3FFEA3EF-C15D-C7EE-1C21-41CEBC43D2C5}.Release|x86.Build.0 = Release|Any CPU
		{0979AEAC-D638-4270-A20F-4587C1073A63}.Debug|Any CPU.ActiveCfg = Debug|Any CPU
		{0979AEAC-D638-4270-A20F-4587C1073A63}.Debug|Any CPU.Build.0 = Debug|Any CPU
		{0979AEAC-D638-4270-A20F-4587C1073A63}.Debug|x64.ActiveCfg = Debug|Any CPU
		{0979AEAC-D638-4270-A20F-4587C1073A63}.Debug|x64.Build.0 = Debug|Any CPU
		{0979AEAC-D638-4270-A20F-4587C1073A63}.Debug|x86.ActiveCfg = Debug|Any CPU
		{0979AEAC-D638-4270-A20F-4587C1073A63}.Debug|x86.Build.0 = Debug|Any CPU
		{0979AEAC-D638-4270-A20F-4587C1073A63}.Release|Any CPU.ActiveCfg = Release|Any CPU
		{0979AEAC-D638-4270-A20F-4587C1073A63}.Release|Any CPU.Build.0 = Release|Any CPU
		{0979AEAC-D638-4270-A20F-4587C1073A63}.Release|x64.ActiveCfg = Release|Any CPU
		{0979AEAC-D638-4270-A20F-4587C1073A63}.Release|x64.Build.0 = Release|Any CPU
		{0979AEAC-D638-4270-A20F-4587C1073A63}.Release|x86.ActiveCfg = Release|Any CPU
		{0979AEAC-D638-4270-A20F-4587C1073A63}.Release|x86.Build.0 = Release|Any CPU
		{403C51D4-5FB2-45B2-AF3E-B9DEE6567628}.Debug|Any CPU.ActiveCfg = Debug|Any CPU
		{403C51D4-5FB2-45B2-AF3E-B9DEE6567628}.Debug|Any CPU.Build.0 = Debug|Any CPU
		{403C51D4-5FB2-45B2-AF3E-B9DEE6567628}.Debug|x64.ActiveCfg = Debug|Any CPU
		{403C51D4-5FB2-45B2-AF3E-B9DEE6567628}.Debug|x64.Build.0 = Debug|Any CPU
		{403C51D4-5FB2-45B2-AF3E-B9DEE6567628}.Debug|x86.ActiveCfg = Debug|Any CPU
		{403C51D4-5FB2-45B2-AF3E-B9DEE6567628}.Debug|x86.Build.0 = Debug|Any CPU
		{403C51D4-5FB2-45B2-AF3E-B9DEE6567628}.Release|Any CPU.ActiveCfg = Release|Any CPU
		{403C51D4-5FB2-45B2-AF3E-B9DEE6567628}.Release|Any CPU.Build.0 = Release|Any CPU
		{403C51D4-5FB2-45B2-AF3E-B9DEE6567628}.Release|x64.ActiveCfg = Release|Any CPU
		{403C51D4-5FB2-45B2-AF3E-B9DEE6567628}.Release|x64.Build.0 = Release|Any CPU
		{403C51D4-5FB2-45B2-AF3E-B9DEE6567628}.Release|x86.ActiveCfg = Release|Any CPU
		{403C51D4-5FB2-45B2-AF3E-B9DEE6567628}.Release|x86.Build.0 = Release|Any CPU
		{0AF386D2-B10B-4454-8014-EA256B60C1E7}.Debug|Any CPU.ActiveCfg = Debug|Any CPU
		{0AF386D2-B10B-4454-8014-EA256B60C1E7}.Debug|Any CPU.Build.0 = Debug|Any CPU
		{0AF386D2-B10B-4454-8014-EA256B60C1E7}.Debug|x64.ActiveCfg = Debug|Any CPU
		{0AF386D2-B10B-4454-8014-EA256B60C1E7}.Debug|x64.Build.0 = Debug|Any CPU
		{0AF386D2-B10B-4454-8014-EA256B60C1E7}.Debug|x86.ActiveCfg = Debug|Any CPU
		{0AF386D2-B10B-4454-8014-EA256B60C1E7}.Debug|x86.Build.0 = Debug|Any CPU
		{0AF386D2-B10B-4454-8014-EA256B60C1E7}.Release|Any CPU.ActiveCfg = Release|Any CPU
		{0AF386D2-B10B-4454-8014-EA256B60C1E7}.Release|Any CPU.Build.0 = Release|Any CPU
		{0AF386D2-B10B-4454-8014-EA256B60C1E7}.Release|x64.ActiveCfg = Release|Any CPU
		{0AF386D2-B10B-4454-8014-EA256B60C1E7}.Release|x64.Build.0 = Release|Any CPU
		{0AF386D2-B10B-4454-8014-EA256B60C1E7}.Release|x86.ActiveCfg = Release|Any CPU
		{0AF386D2-B10B-4454-8014-EA256B60C1E7}.Release|x86.Build.0 = Release|Any CPU
		{A0A5DE5B-8BA3-42EE-899B-AC785EE95B54}.Debug|Any CPU.ActiveCfg = Debug|Any CPU
		{A0A5DE5B-8BA3-42EE-899B-AC785EE95B54}.Debug|Any CPU.Build.0 = Debug|Any CPU
		{A0A5DE5B-8BA3-42EE-899B-AC785EE95B54}.Debug|x64.ActiveCfg = Debug|Any CPU
		{A0A5DE5B-8BA3-42EE-899B-AC785EE95B54}.Debug|x64.Build.0 = Debug|Any CPU
		{A0A5DE5B-8BA3-42EE-899B-AC785EE95B54}.Debug|x86.ActiveCfg = Debug|Any CPU
		{A0A5DE5B-8BA3-42EE-899B-AC785EE95B54}.Debug|x86.Build.0 = Debug|Any CPU
		{A0A5DE5B-8BA3-42EE-899B-AC785EE95B54}.Release|Any CPU.ActiveCfg = Release|Any CPU
		{A0A5DE5B-8BA3-42EE-899B-AC785EE95B54}.Release|Any CPU.Build.0 = Release|Any CPU
		{A0A5DE5B-8BA3-42EE-899B-AC785EE95B54}.Release|x64.ActiveCfg = Release|Any CPU
		{A0A5DE5B-8BA3-42EE-899B-AC785EE95B54}.Release|x64.Build.0 = Release|Any CPU
		{A0A5DE5B-8BA3-42EE-899B-AC785EE95B54}.Release|x86.ActiveCfg = Release|Any CPU
		{A0A5DE5B-8BA3-42EE-899B-AC785EE95B54}.Release|x86.Build.0 = Release|Any CPU
		{FB2A13C2-1193-4341-8129-E117AA8E6480}.Debug|Any CPU.ActiveCfg = Debug|Any CPU
		{FB2A13C2-1193-4341-8129-E117AA8E6480}.Debug|Any CPU.Build.0 = Debug|Any CPU
		{FB2A13C2-1193-4341-8129-E117AA8E6480}.Debug|x64.ActiveCfg = Debug|Any CPU
		{FB2A13C2-1193-4341-8129-E117AA8E6480}.Debug|x64.Build.0 = Debug|Any CPU
		{FB2A13C2-1193-4341-8129-E117AA8E6480}.Debug|x86.ActiveCfg = Debug|Any CPU
		{FB2A13C2-1193-4341-8129-E117AA8E6480}.Debug|x86.Build.0 = Debug|Any CPU
		{FB2A13C2-1193-4341-8129-E117AA8E6480}.Release|Any CPU.ActiveCfg = Release|Any CPU
		{FB2A13C2-1193-4341-8129-E117AA8E6480}.Release|Any CPU.Build.0 = Release|Any CPU
		{FB2A13C2-1193-4341-8129-E117AA8E6480}.Release|x64.ActiveCfg = Release|Any CPU
		{FB2A13C2-1193-4341-8129-E117AA8E6480}.Release|x64.Build.0 = Release|Any CPU
		{FB2A13C2-1193-4341-8129-E117AA8E6480}.Release|x86.ActiveCfg = Release|Any CPU
		{FB2A13C2-1193-4341-8129-E117AA8E6480}.Release|x86.Build.0 = Release|Any CPU
		{B819DC61-6000-48FF-BB6E-CCACEE6C05F4}.Debug|Any CPU.ActiveCfg = Debug|Any CPU
		{B819DC61-6000-48FF-BB6E-CCACEE6C05F4}.Debug|Any CPU.Build.0 = Debug|Any CPU
		{B819DC61-6000-48FF-BB6E-CCACEE6C05F4}.Debug|x64.ActiveCfg = Debug|Any CPU
		{B819DC61-6000-48FF-BB6E-CCACEE6C05F4}.Debug|x64.Build.0 = Debug|Any CPU
		{B819DC61-6000-48FF-BB6E-CCACEE6C05F4}.Debug|x86.ActiveCfg = Debug|Any CPU
		{B819DC61-6000-48FF-BB6E-CCACEE6C05F4}.Debug|x86.Build.0 = Debug|Any CPU
		{B819DC61-6000-48FF-BB6E-CCACEE6C05F4}.Release|Any CPU.ActiveCfg = Release|Any CPU
		{B819DC61-6000-48FF-BB6E-CCACEE6C05F4}.Release|Any CPU.Build.0 = Release|Any CPU
		{B819DC61-6000-48FF-BB6E-CCACEE6C05F4}.Release|x64.ActiveCfg = Release|Any CPU
		{B819DC61-6000-48FF-BB6E-CCACEE6C05F4}.Release|x64.Build.0 = Release|Any CPU
		{B819DC61-6000-48FF-BB6E-CCACEE6C05F4}.Release|x86.ActiveCfg = Release|Any CPU
		{B819DC61-6000-48FF-BB6E-CCACEE6C05F4}.Release|x86.Build.0 = Release|Any CPU
	EndGlobalSection
	GlobalSection(SolutionProperties) = preSolution
		HideSolutionNode = FALSE
	EndGlobalSection
	GlobalSection(NestedProjects) = preSolution
		{F1D36C55-650B-7C5B-D7BF-C2C03C80872A} = {31CBEB51-93DC-9CA1-DA8D-67643319BEE1}
		{3FFEA3EF-C15D-C7EE-1C21-41CEBC43D2C5} = {F1D36C55-650B-7C5B-D7BF-C2C03C80872A}
		{4E227855-4648-962A-E790-FD207C358556} = {5854FF58-B8C5-05C6-5BF2-ACE42193F22B}
		{0979AEAC-D638-4270-A20F-4587C1073A63} = {4E227855-4648-962A-E790-FD207C358556}
		{403C51D4-5FB2-45B2-AF3E-B9DEE6567628} = {4E227855-4648-962A-E790-FD207C358556}
		{60EC93F1-ACA9-D441-1E23-CE023AC777AA} = {E54149B9-7F22-367F-9CC5-FD829E3AA07B}
		{0AF386D2-B10B-4454-8014-EA256B60C1E7} = {60EC93F1-ACA9-D441-1E23-CE023AC777AA}
		{A0A5DE5B-8BA3-42EE-899B-AC785EE95B54} = {60EC93F1-ACA9-D441-1E23-CE023AC777AA}
		{FB2A13C2-1193-4341-8129-E117AA8E6480} = {60EC93F1-ACA9-D441-1E23-CE023AC777AA}
		{B819DC61-6000-48FF-BB6E-CCACEE6C05F4} = {60EC93F1-ACA9-D441-1E23-CE023AC777AA}
	EndGlobalSection
	GlobalSection(ExtensibilityGlobals) = postSolution
		SolutionGuid = {4F307ABA-0A57-4923-9BC2-E35B9F0E5178}
	EndGlobalSection
EndGlobal
